
Microsoft Visual Studio Solution File, Format Version 12.00
# Visual Studio Version 17
VisualStudioVersion = 17.8.34330.188
MinimumVisualStudioVersion = 10.0.40219.1
Project("{FAE04EC0-301F-11D3-BF4B-00C04F79EFBC}") = "AzureAPPGitHubActions", "AzureAPPGitHubActions\AzureAPPGitHubActions.csproj", "{685F5AE4-C68D-4005-B1C9-9C653D83A65D}"
EndProject
Global
	GlobalSection(SolutionConfigurationPlatforms) = preSolution
		Debug|Any CPU = Debug|Any CPU
		Release|Any CPU = Release|Any CPU
	EndGlobalSection
	GlobalSection(ProjectConfigurationPlatforms) = postSolution
		{685F5AE4-C68D-4005-B1C9-9C653D83A65D}.Debug|Any CPU.ActiveCfg = Debug|Any CPU
		{685F5AE4-C68D-4005-B1C9-9C653D83A65D}.Debug|Any CPU.Build.0 = Debug|Any CPU
		{685F5AE4-C68D-4005-B1C9-9C653D83A65D}.Release|Any CPU.ActiveCfg = Release|Any CPU
		{685F5AE4-C68D-4005-B1C9-9C653D83A65D}.Release|Any CPU.Build.0 = Release|Any CPU
	EndGlobalSection
	GlobalSection(SolutionProperties) = preSolution
		HideSolutionNode = FALSE
	EndGlobalSection
	GlobalSection(ExtensibilityGlobals) = postSolution
		SolutionGuid = {A8C47D32-57CF-4B3A-8B82-EC1A4A43F110}
	EndGlobalSection
EndGlobal
